
Microsoft Visual Studio Solution File, Format Version 12.00
# Visual Studio 14
VisualStudioVersion = 14.0.25420.1
MinimumVisualStudioVersion = 10.0.40219.1
Project("{FAE04EC0-301F-11D3-BF4B-00C04F79EFBC}") = "WebAppRestaurante", "WebAppRestaurante\WebAppRestaurante.csproj", "{E0AD197C-06B0-4C68-B8F8-2892CFAF5416}"
EndProject
Project("{FAE04EC0-301F-11D3-BF4B-00C04F79EFBC}") = "WebAppRestaurante.Tests", "WebAppRestaurante.Tests\WebAppRestaurante.Tests.csproj", "{C6C0B2C9-78EA-407E-A91A-DFF4BCA60FDA}"
EndProject
Global
	GlobalSection(SolutionConfigurationPlatforms) = preSolution
		Debug|Any CPU = Debug|Any CPU
		Release|Any CPU = Release|Any CPU
	EndGlobalSection
	GlobalSection(ProjectConfigurationPlatforms) = postSolution
		{E0AD197C-06B0-4C68-B8F8-2892CFAF5416}.Debug|Any CPU.ActiveCfg = Debug|Any CPU
		{E0AD197C-06B0-4C68-B8F8-2892CFAF5416}.Debug|Any CPU.Build.0 = Debug|Any CPU
		{E0AD197C-06B0-4C68-B8F8-2892CFAF5416}.Release|Any CPU.ActiveCfg = Release|Any CPU
		{E0AD197C-06B0-4C68-B8F8-2892CFAF5416}.Release|Any CPU.Build.0 = Release|Any CPU
		{C6C0B2C9-78EA-407E-A91A-DFF4BCA60FDA}.Debug|Any CPU.ActiveCfg = Debug|Any CPU
		{C6C0B2C9-78EA-407E-A91A-DFF4BCA60FDA}.Debug|Any CPU.Build.0 = Debug|Any CPU
		{C6C0B2C9-78EA-407E-A91A-DFF4BCA60FDA}.Release|Any CPU.ActiveCfg = Release|Any CPU
		{C6C0B2C9-78EA-407E-A91A-DFF4BCA60FDA}.Release|Any CPU.Build.0 = Release|Any CPU
	EndGlobalSection
	GlobalSection(SolutionProperties) = preSolution
		HideSolutionNode = FALSE
	EndGlobalSection
EndGlobal
